PODS:
  - AudioKit (4.11.3):
    - AudioKit/Core (= 4.11.3)
    - AudioKit/UI (= 4.11.3)
  - AudioKit/Core (4.11.3)
  - AudioKit/UI (4.11.3):
    - AudioKit/Core

DEPENDENCIES:
  - AudioKit (from `../../libraries/AudioKit`)

EXTERNAL SOURCES:
  AudioKit:
    :path: "../../libraries/AudioKit"

SPEC CHECKSUMS:
  AudioKit: f02357cb860003629ab475ba52c458413060e87d

PODFILE CHECKSUM: b0a07fc8a2fbe82dade4cac26ebac08b42728889

COCOAPODS: 1.10.0.rc.1
