PODS:
  - AudioKit (4.11.2):
    - AudioKit/Core (= 4.11.2)
    - AudioKit/UI (= 4.11.2)
  - AudioKit/Core (4.11.2)
  - AudioKit/UI (4.11.2):
    - AudioKit/Core

DEPENDENCIES:
  - AudioKit (~> 4.11.1)

SPEC REPOS:
  trunk:
    - AudioKit

SPEC CHECKSUMS:
  AudioKit: 57cc61d708f085763a031e5c3f87adae21dc4b59

PODFILE CHECKSUM: b12da58cbcb0721b1c010966ff189e6a7dddfcd8

COCOAPODS: 1.10.0.rc.1
