// !$*UTF8*$!
{
	archiveVersion = 1;
	classes = {
	};
	objectVersion = 54;
	objects = {

/* Begin PBXBuildFile section */
		0211299F257AAF9100CCA824 /* SystemVolumeChangeObserver.swift in Sources */ = {isa = PBXBuildFile; fileRef = 0211299E257AAF9100CCA824 /* SystemVolumeChangeObserver.swift */; };
		02484BA6257ACE2300AA8719 /* DocumentFileManager.swift in Sources */ = {isa = PBXBuildFile; fileRef = 02484BA5257ACE2300AA8719 /* DocumentFileManager.swift */; };
		02B82890257BC4F400B0332F /* UrlReadable.swift in Sources */ = {isa = PBXBuildFile; fileRef = 02B8288F257BC4F400B0332F /* UrlReadable.swift */; };
		640AD4302516289C00415B7E /* AudioFilePlayer.swift in Sources */ = {isa = PBXBuildFile; fileRef = 640AD42F2516289C00415B7E /* AudioFilePlayer.swift */; };
		640AD4322516295100415B7E /* AudioFilePicker.swift in Sources */ = {isa = PBXBuildFile; fileRef = 640AD4312516295100415B7E /* AudioFilePicker.swift */; };
		641556002573D92800F7048F /* AudioFilePlayheadTracker.swift in Sources */ = {isa = PBXBuildFile; fileRef = 641555FF2573D92800F7048F /* AudioFilePlayheadTracker.swift */; };
		64194A3526375A7500F05678 /* 1, 2, 3, 4.mp3 in Resources */ = {isa = PBXBuildFile; fileRef = 64AB2DA3257302D100C59E6F /* 1, 2, 3, 4.mp3 */; };
		642723092516B6310052D5E6 /* AppDelegate.swift in Sources */ = {isa = PBXBuildFile; fileRef = 642723082516B6310052D5E6 /* AppDelegate.swift */; };
		6427238B2516BCE60052D5E6 /* SceneDelegate.swift in Sources */ = {isa = PBXBuildFile; fileRef = 6427238A2516BCE60052D5E6 /* SceneDelegate.swift */; };
		6434F5442688608E00A9860E /* AudioPlayerConfiguration.swift in Sources */ = {isa = PBXBuildFile; fileRef = 6434F5432688608E00A9860E /* AudioPlayerConfiguration.swift */; };
		6434F547268875E200A9860E /* FloatingPoint+UnitIntervalClamped.swift in Sources */ = {isa = PBXBuildFile; fileRef = 6434F546268875E200A9860E /* FloatingPoint+UnitIntervalClamped.swift */; };
		6434F5492688761000A9860E /* Comparable+Clamped.swift in Sources */ = {isa = PBXBuildFile; fileRef = 6434F5482688761000A9860E /* Comparable+Clamped.swift */; };
		6434F54D2688C44500A9860E /* WaveformView.swift in Sources */ = {isa = PBXBuildFile; fileRef = 6434F54C2688C44500A9860E /* WaveformView.swift */; };
		6434F54F2688C6B600A9860E /* AudioPlayerControls.swift in Sources */ = {isa = PBXBuildFile; fileRef = 6434F54E2688C6B600A9860E /* AudioPlayerControls.swift */; };
		6434F5AE268C5B6900A9860E /* AVAudioPlayerNode+StartEngine.swift in Sources */ = {isa = PBXBuildFile; fileRef = 6434F5AD268C5B6900A9860E /* AVAudioPlayerNode+StartEngine.swift */; };
		644484A2268752E10079CA09 /* Array+ContainsAll.swift in Sources */ = {isa = PBXBuildFile; fileRef = 644484A1268752E10079CA09 /* Array+ContainsAll.swift */; };
		6450153F252A5549003B00B7 /* Inject.swift in Sources */ = {isa = PBXBuildFile; fileRef = 6450153E252A5549003B00B7 /* Inject.swift */; };
		649354252539C37200A58453 /* Collection+LastIndex.swift in Sources */ = {isa = PBXBuildFile; fileRef = 649354242539C37200A58453 /* Collection+LastIndex.swift */; };
		6493542A2539C3B300A58453 /* Size+Hashable.swift in Sources */ = {isa = PBXBuildFile; fileRef = 649354292539C3B300A58453 /* Size+Hashable.swift */; };
		6493542F253B3C8700A58453 /* Hasher+Combine.swift in Sources */ = {isa = PBXBuildFile; fileRef = 6493542E253B3C8700A58453 /* Hasher+Combine.swift */; };
		64935444253CB93000A58453 /* Sliders in Frameworks */ = {isa = PBXBuildFile; productRef = 64935443253CB93000A58453 /* Sliders */; };
		64935449253CBF2000A58453 /* View+CornerRadius.swift in Sources */ = {isa = PBXBuildFile; fileRef = 64935448253CBF2000A58453 /* View+CornerRadius.swift */; };
		6493A9AD25797B1600E2EF33 /* AudioMasterControls.swift in Sources */ = {isa = PBXBuildFile; fileRef = 6493A9AC25797B1600E2EF33 /* AudioMasterControls.swift */; };
		6493A9B62579834400E2EF33 /* AudioChannel+Color.swift in Sources */ = {isa = PBXBuildFile; fileRef = 6493A9B1257980E600E2EF33 /* AudioChannel+Color.swift */; };
		64AB2DA4257302D100C59E6F /* 1, 2, 3, 4.mp3 in Resources */ = {isa = PBXBuildFile; fileRef = 64AB2DA3257302D100C59E6F /* 1, 2, 3, 4.mp3 */; };
		64AB2DBA2573184E00C59E6F /* AVAudioFile+TimeInterval.swift in Sources */ = {isa = PBXBuildFile; fileRef = 64F3DD122544BF0600DBC056 /* AVAudioFile+TimeInterval.swift */; };
		64AB978F2517EA240011D98B /* CaseIterable+Iteration.swift in Sources */ = {isa = PBXBuildFile; fileRef = 64AB978E2517EA240011D98B /* CaseIterable+Iteration.swift */; };
		64AB97D3251A934F0011D98B /* UnitInterval.swift in Sources */ = {isa = PBXBuildFile; fileRef = 64AB97D2251A934F0011D98B /* UnitInterval.swift */; };
		64B3EAE9268F875400F9EB69 /* RedundantVolumeIncrementObserver.swift in Sources */ = {isa = PBXBuildFile; fileRef = 64B3EAE8268F875400F9EB69 /* RedundantVolumeIncrementObserver.swift */; };
		64B3EAEB268FB8A400F9EB69 /* LogoToggleButton.swift in Sources */ = {isa = PBXBuildFile; fileRef = 64B3EAEA268FB8A400F9EB69 /* LogoToggleButton.swift */; };
		64B69427257D3AD70012DEA5 /* AudioPlayerConfigurationManager.swift in Sources */ = {isa = PBXBuildFile; fileRef = 64B69426257D3AD70012DEA5 /* AudioPlayerConfigurationManager.swift */; };
		64BA8F73257414300091D525 /* Logger.swift in Sources */ = {isa = PBXBuildFile; fileRef = 645D664C2537655F00BD6DDA /* Logger.swift */; };
		64C53E36268F6A1300853848 /* AVAudioPlayerNode+PlaySegment.swift in Sources */ = {isa = PBXBuildFile; fileRef = 64C53E35268F6A1300853848 /* AVAudioPlayerNode+PlaySegment.swift */; };
		64CD0DB72516233A00363F75 /* ContentView.swift in Sources */ = {isa = PBXBuildFile; fileRef = 64CD0DB62516233A00363F75 /* ContentView.swift */; };
		64CD0DB92516233C00363F75 /* Assets.xcassets in Resources */ = {isa = PBXBuildFile; fileRef = 64CD0DB82516233C00363F75 /* Assets.xcassets */; };
		64CD0DBC2516233C00363F75 /* Preview Assets.xcassets in Resources */ = {isa = PBXBuildFile; fileRef = 64CD0DBB2516233C00363F75 /* Preview Assets.xcassets */; };
		64CD0DC72516233C00363F75 /* ABitTests.swift in Sources */ = {isa = PBXBuildFile; fileRef = 64CD0DC62516233C00363F75 /* ABitTests.swift */; };
		64CD0DD22516233C00363F75 /* ABitUITests.swift in Sources */ = {isa = PBXBuildFile; fileRef = 64CD0DD12516233C00363F75 /* ABitUITests.swift */; };
		64CEDAAC255DE21D008B5DB5 /* Winstons - Amen, Brother.aif in Resources */ = {isa = PBXBuildFile; fileRef = 64CEDAAB255DE21D008B5DB5 /* Winstons - Amen, Brother.aif */; };
		64D8DF9925166AE8000D0653 /* AudioManager.swift in Sources */ = {isa = PBXBuildFile; fileRef = 64D8DF9825166AE8000D0653 /* AudioManager.swift */; };
		64D8DF9B25166F60000D0653 /* AudioPlayerView.swift in Sources */ = {isa = PBXBuildFile; fileRef = 64D8DF9A25166F60000D0653 /* AudioPlayerView.swift */; };
		64EA27472576F72F0034B373 /* ColorExtensions.swift in Sources */ = {isa = PBXBuildFile; fileRef = 64EA27402576F72F0034B373 /* ColorExtensions.swift */; };
		64EA27492576F72F0034B373 /* TempiFFT.swift in Sources */ = {isa = PBXBuildFile; fileRef = 64EA27422576F72F0034B373 /* TempiFFT.swift */; };
		64EA274A2576F72F0034B373 /* WaveformImageView.swift in Sources */ = {isa = PBXBuildFile; fileRef = 64EA27432576F72F0034B373 /* WaveformImageView.swift */; };
		64EA274B2576F72F0034B373 /* WaveformAnalyzer.swift in Sources */ = {isa = PBXBuildFile; fileRef = 64EA27442576F72F0034B373 /* WaveformAnalyzer.swift */; };
		64EA274C2576F72F0034B373 /* WaveformImageTypes.swift in Sources */ = {isa = PBXBuildFile; fileRef = 64EA27452576F72F0034B373 /* WaveformImageTypes.swift */; };
		64EA276D257834390034B373 /* AudioGraphicsRenderer.swift in Sources */ = {isa = PBXBuildFile; fileRef = 64EA27412576F72F0034B373 /* AudioGraphicsRenderer.swift */; };
		64EA2781257925FB0034B373 /* AppController.swift in Sources */ = {isa = PBXBuildFile; fileRef = 64EA2780257925FB0034B373 /* AppController.swift */; };
		64EA27B9257943E10034B373 /* DependencyManager.swift in Sources */ = {isa = PBXBuildFile; fileRef = 64501664252D1E0D003B00B7 /* DependencyManager.swift */; };
		64F3DD092544BE8B00DBC056 /* ClosedRange+Size.swift in Sources */ = {isa = PBXBuildFile; fileRef = 64F3DD082544BE8B00DBC056 /* ClosedRange+Size.swift */; };
		64F3DD0E2544BEBF00DBC056 /* AVAudioPlayerNode+CurrentTime.swift in Sources */ = {isa = PBXBuildFile; fileRef = 64F3DD0D2544BEBF00DBC056 /* AVAudioPlayerNode+CurrentTime.swift */; };
		64F3DD182544C04B00DBC056 /* AVAudioPCMBuffer+Segment.swift in Sources */ = {isa = PBXBuildFile; fileRef = 64F3DD172544C04B00DBC056 /* AVAudioPCMBuffer+Segment.swift */; };
/* End PBXBuildFile section */

/* Begin PBXContainerItemProxy section */
		64CD0DC32516233C00363F75 /* PBXContainerItemProxy */ = {
			isa = PBXContainerItemProxy;
			containerPortal = 64CD0DA92516233A00363F75 /* Project object */;
			proxyType = 1;
			remoteGlobalIDString = 64CD0DB02516233A00363F75;
			remoteInfo = ABit;
		};
		64CD0DCE2516233C00363F75 /* PBXContainerItemProxy */ = {
			isa = PBXContainerItemProxy;
			containerPortal = 64CD0DA92516233A00363F75 /* Project object */;
			proxyType = 1;
			remoteGlobalIDString = 64CD0DB02516233A00363F75;
			remoteInfo = ABit;
		};
/* End PBXContainerItemProxy section */

/* Begin PBXFileReference section */
		0211299E257AAF9100CCA824 /* SystemVolumeChangeObserver.swift */ = {isa = PBXFileReference; fileEncoding = 4; lastKnownFileType = sourcecode.swift; path = SystemVolumeChangeObserver.swift; sourceTree = "<group>"; };
		02484BA5257ACE2300AA8719 /* DocumentFileManager.swift */ = {isa = PBXFileReference; lastKnownFileType = sourcecode.swift; name = DocumentFileManager.swift; path = ABit/Utilities/DocumentFileManager.swift; sourceTree = SOURCE_ROOT; };
		02B8288F257BC4F400B0332F /* UrlReadable.swift */ = {isa = PBXFileReference; lastKnownFileType = sourcecode.swift; path = UrlReadable.swift; sourceTree = "<group>"; };
		640AD42F2516289C00415B7E /* AudioFilePlayer.swift */ = {isa = PBXFileReference; fileEncoding = 4; lastKnownFileType = sourcecode.swift; path = AudioFilePlayer.swift; sourceTree = "<group>"; };
		640AD4312516295100415B7E /* AudioFilePicker.swift */ = {isa = PBXFileReference; lastKnownFileType = sourcecode.swift; path = AudioFilePicker.swift; sourceTree = "<group>"; };
		641555FF2573D92800F7048F /* AudioFilePlayheadTracker.swift */ = {isa = PBXFileReference; lastKnownFileType = sourcecode.swift; path = AudioFilePlayheadTracker.swift; sourceTree = "<group>"; };
		642723082516B6310052D5E6 /* AppDelegate.swift */ = {isa = PBXFileReference; lastKnownFileType = sourcecode.swift; path = AppDelegate.swift; sourceTree = "<group>"; };
		6427238A2516BCE60052D5E6 /* SceneDelegate.swift */ = {isa = PBXFileReference; fileEncoding = 4; lastKnownFileType = sourcecode.swift; path = SceneDelegate.swift; sourceTree = "<group>"; };
		6434F5432688608E00A9860E /* AudioPlayerConfiguration.swift */ = {isa = PBXFileReference; fileEncoding = 4; lastKnownFileType = sourcecode.swift; path = AudioPlayerConfiguration.swift; sourceTree = "<group>"; };
		6434F546268875E200A9860E /* FloatingPoint+UnitIntervalClamped.swift */ = {isa = PBXFileReference; lastKnownFileType = sourcecode.swift; path = "FloatingPoint+UnitIntervalClamped.swift"; sourceTree = "<group>"; };
		6434F5482688761000A9860E /* Comparable+Clamped.swift */ = {isa = PBXFileReference; lastKnownFileType = sourcecode.swift; path = "Comparable+Clamped.swift"; sourceTree = "<group>"; };
		6434F54C2688C44500A9860E /* WaveformView.swift */ = {isa = PBXFileReference; lastKnownFileType = sourcecode.swift; path = WaveformView.swift; sourceTree = "<group>"; };
		6434F54E2688C6B600A9860E /* AudioPlayerControls.swift */ = {isa = PBXFileReference; lastKnownFileType = sourcecode.swift; path = AudioPlayerControls.swift; sourceTree = "<group>"; };
		6434F5AD268C5B6900A9860E /* AVAudioPlayerNode+StartEngine.swift */ = {isa = PBXFileReference; lastKnownFileType = sourcecode.swift; path = "AVAudioPlayerNode+StartEngine.swift"; sourceTree = "<group>"; };
		644484A1268752E10079CA09 /* Array+ContainsAll.swift */ = {isa = PBXFileReference; lastKnownFileType = sourcecode.swift; path = "Array+ContainsAll.swift"; sourceTree = "<group>"; };
		6450153E252A5549003B00B7 /* Inject.swift */ = {isa = PBXFileReference; lastKnownFileType = sourcecode.swift; path = Inject.swift; sourceTree = "<group>"; };
		64501664252D1E0D003B00B7 /* DependencyManager.swift */ = {isa = PBXFileReference; lastKnownFileType = sourcecode.swift; path = DependencyManager.swift; sourceTree = "<group>"; };
		645D664C2537655F00BD6DDA /* Logger.swift */ = {isa = PBXFileReference; lastKnownFileType = sourcecode.swift; path = Logger.swift; sourceTree = "<group>"; };
		649354242539C37200A58453 /* Collection+LastIndex.swift */ = {isa = PBXFileReference; lastKnownFileType = sourcecode.swift; path = "Collection+LastIndex.swift"; sourceTree = "<group>"; };
		649354292539C3B300A58453 /* Size+Hashable.swift */ = {isa = PBXFileReference; lastKnownFileType = sourcecode.swift; path = "Size+Hashable.swift"; sourceTree = "<group>"; };
		6493542E253B3C8700A58453 /* Hasher+Combine.swift */ = {isa = PBXFileReference; lastKnownFileType = sourcecode.swift; path = "Hasher+Combine.swift"; sourceTree = "<group>"; };
		64935448253CBF2000A58453 /* View+CornerRadius.swift */ = {isa = PBXFileReference; lastKnownFileType = sourcecode.swift; path = "View+CornerRadius.swift"; sourceTree = "<group>"; };
		6493A9AC25797B1600E2EF33 /* AudioMasterControls.swift */ = {isa = PBXFileReference; lastKnownFileType = sourcecode.swift; path = AudioMasterControls.swift; sourceTree = "<group>"; };
		6493A9B1257980E600E2EF33 /* AudioChannel+Color.swift */ = {isa = PBXFileReference; lastKnownFileType = sourcecode.swift; path = "AudioChannel+Color.swift"; sourceTree = "<group>"; };
		64AB2DA3257302D100C59E6F /* 1, 2, 3, 4.mp3 */ = {isa = PBXFileReference; lastKnownFileType = audio.mp3; path = "1, 2, 3, 4.mp3"; sourceTree = "<group>"; };
		64AB978E2517EA240011D98B /* CaseIterable+Iteration.swift */ = {isa = PBXFileReference; lastKnownFileType = sourcecode.swift; path = "CaseIterable+Iteration.swift"; sourceTree = "<group>"; };
		64AB97D2251A934F0011D98B /* UnitInterval.swift */ = {isa = PBXFileReference; lastKnownFileType = sourcecode.swift; path = UnitInterval.swift; sourceTree = "<group>"; };
		64B3EAE8268F875400F9EB69 /* RedundantVolumeIncrementObserver.swift */ = {isa = PBXFileReference; lastKnownFileType = sourcecode.swift; path = RedundantVolumeIncrementObserver.swift; sourceTree = "<group>"; };
		64B3EAEA268FB8A400F9EB69 /* LogoToggleButton.swift */ = {isa = PBXFileReference; lastKnownFileType = sourcecode.swift; path = LogoToggleButton.swift; sourceTree = "<group>"; };
		64B69426257D3AD70012DEA5 /* AudioPlayerConfigurationManager.swift */ = {isa = PBXFileReference; lastKnownFileType = sourcecode.swift; path = AudioPlayerConfigurationManager.swift; sourceTree = "<group>"; };
		64C53E35268F6A1300853848 /* AVAudioPlayerNode+PlaySegment.swift */ = {isa = PBXFileReference; lastKnownFileType = sourcecode.swift; path = "AVAudioPlayerNode+PlaySegment.swift"; sourceTree = "<group>"; };
		64CD0DB12516233A00363F75 /* ABit.app */ = {isa = PBXFileReference; explicitFileType = wrapper.application; includeInIndex = 0; path = ABit.app; sourceTree = BUILT_PRODUCTS_DIR; };
		64CD0DB62516233A00363F75 /* ContentView.swift */ = {isa = PBXFileReference; lastKnownFileType = sourcecode.swift; path = ContentView.swift; sourceTree = "<group>"; };
		64CD0DB82516233C00363F75 /* Assets.xcassets */ = {isa = PBXFileReference; lastKnownFileType = folder.assetcatalog; path = Assets.xcassets; sourceTree = "<group>"; };
		64CD0DBB2516233C00363F75 /* Preview Assets.xcassets */ = {isa = PBXFileReference; lastKnownFileType = folder.assetcatalog; path = "Preview Assets.xcassets"; sourceTree = "<group>"; };
		64CD0DBD2516233C00363F75 /* Info.plist */ = {isa = PBXFileReference; lastKnownFileType = text.plist.xml; path = Info.plist; sourceTree = "<group>"; };
		64CD0DC22516233C00363F75 /* ABitTests.xctest */ = {isa = PBXFileReference; explicitFileType = wrapper.cfbundle; includeInIndex = 0; path = ABitTests.xctest; sourceTree = BUILT_PRODUCTS_DIR; };
		64CD0DC62516233C00363F75 /* ABitTests.swift */ = {isa = PBXFileReference; lastKnownFileType = sourcecode.swift; path = ABitTests.swift; sourceTree = "<group>"; };
		64CD0DC82516233C00363F75 /* Info.plist */ = {isa = PBXFileReference; lastKnownFileType = text.plist.xml; path = Info.plist; sourceTree = "<group>"; };
		64CD0DCD2516233C00363F75 /* ABitUITests.xctest */ = {isa = PBXFileReference; explicitFileType = wrapper.cfbundle; includeInIndex = 0; path = ABitUITests.xctest; sourceTree = BUILT_PRODUCTS_DIR; };
		64CD0DD12516233C00363F75 /* ABitUITests.swift */ = {isa = PBXFileReference; lastKnownFileType = sourcecode.swift; path = ABitUITests.swift; sourceTree = "<group>"; };
		64CD0DD32516233C00363F75 /* Info.plist */ = {isa = PBXFileReference; lastKnownFileType = text.plist.xml; path = Info.plist; sourceTree = "<group>"; };
		64CEDAAB255DE21D008B5DB5 /* Winstons - Amen, Brother.aif */ = {isa = PBXFileReference; lastKnownFileType = file; path = "Winstons - Amen, Brother.aif"; sourceTree = "<group>"; };
		64D8DF9825166AE8000D0653 /* AudioManager.swift */ = {isa = PBXFileReference; lastKnownFileType = sourcecode.swift; path = AudioManager.swift; sourceTree = "<group>"; };
		64D8DF9A25166F60000D0653 /* AudioPlayerView.swift */ = {isa = PBXFileReference; lastKnownFileType = sourcecode.swift; path = AudioPlayerView.swift; sourceTree = "<group>"; };
		64D8DF9C25169A17000D0653 /* ABit.entitlements */ = {isa = PBXFileReference; lastKnownFileType = text.plist.entitlements; path = ABit.entitlements; sourceTree = "<group>"; };
		64D8DFA42516A280000D0653 /* .swiftlint.yml */ = {isa = PBXFileReference; lastKnownFileType = text.yaml; path = .swiftlint.yml; sourceTree = "<group>"; };
		64EA27402576F72F0034B373 /* ColorExtensions.swift */ = {isa = PBXFileReference; fileEncoding = 4; lastKnownFileType = sourcecode.swift; path = ColorExtensions.swift; sourceTree = "<group>"; };
		64EA27412576F72F0034B373 /* AudioGraphicsRenderer.swift */ = {isa = PBXFileReference; fileEncoding = 4; lastKnownFileType = sourcecode.swift; path = AudioGraphicsRenderer.swift; sourceTree = "<group>"; };
		64EA27422576F72F0034B373 /* TempiFFT.swift */ = {isa = PBXFileReference; fileEncoding = 4; lastKnownFileType = sourcecode.swift; path = TempiFFT.swift; sourceTree = "<group>"; };
		64EA27432576F72F0034B373 /* WaveformImageView.swift */ = {isa = PBXFileReference; fileEncoding = 4; lastKnownFileType = sourcecode.swift; path = WaveformImageView.swift; sourceTree = "<group>"; };
		64EA27442576F72F0034B373 /* WaveformAnalyzer.swift */ = {isa = PBXFileReference; fileEncoding = 4; lastKnownFileType = sourcecode.swift; path = WaveformAnalyzer.swift; sourceTree = "<group>"; };
		64EA27452576F72F0034B373 /* WaveformImageTypes.swift */ = {isa = PBXFileReference; fileEncoding = 4; lastKnownFileType = sourcecode.swift; path = WaveformImageTypes.swift; sourceTree = "<group>"; };
		64EA2780257925FB0034B373 /* AppController.swift */ = {isa = PBXFileReference; lastKnownFileType = sourcecode.swift; path = AppController.swift; sourceTree = "<group>"; };
		64F3DD082544BE8B00DBC056 /* ClosedRange+Size.swift */ = {isa = PBXFileReference; lastKnownFileType = sourcecode.swift; path = "ClosedRange+Size.swift"; sourceTree = "<group>"; };
		64F3DD0D2544BEBF00DBC056 /* AVAudioPlayerNode+CurrentTime.swift */ = {isa = PBXFileReference; lastKnownFileType = sourcecode.swift; path = "AVAudioPlayerNode+CurrentTime.swift"; sourceTree = "<group>"; };
		64F3DD122544BF0600DBC056 /* AVAudioFile+TimeInterval.swift */ = {isa = PBXFileReference; lastKnownFileType = sourcecode.swift; path = "AVAudioFile+TimeInterval.swift"; sourceTree = "<group>"; };
		64F3DD172544C04B00DBC056 /* AVAudioPCMBuffer+Segment.swift */ = {isa = PBXFileReference; lastKnownFileType = sourcecode.swift; path = "AVAudioPCMBuffer+Segment.swift"; sourceTree = "<group>"; };
/* End PBXFileReference section */

/* Begin PBXFrameworksBuildPhase section */
		64CD0DAE2516233A00363F75 /* Frameworks */ = {
			isa = PBXFrameworksBuildPhase;
			buildActionMask = 2147483647;
			files = (
				64935444253CB93000A58453 /* Sliders in Frameworks */,
			);
			runOnlyForDeploymentPostprocessing = 0;
		};
		64CD0DBF2516233C00363F75 /* Frameworks */ = {
			isa = PBXFrameworksBuildPhase;
			buildActionMask = 2147483647;
			files = (
			);
			runOnlyForDeploymentPostprocessing = 0;
		};
		64CD0DCA2516233C00363F75 /* Frameworks */ = {
			isa = PBXFrameworksBuildPhase;
			buildActionMask = 2147483647;
			files = (
			);
			runOnlyForDeploymentPostprocessing = 0;
		};
/* End PBXFrameworksBuildPhase section */

/* Begin PBXGroup section */
		6434F5422688608E00A9860E /* Player Configuration */ = {
			isa = PBXGroup;
			children = (
				64B69426257D3AD70012DEA5 /* AudioPlayerConfigurationManager.swift */,
				6434F5432688608E00A9860E /* AudioPlayerConfiguration.swift */,
			);
			path = "Player Configuration";
			sourceTree = "<group>";
		};
		6434F545268875A900A9860E /* Foundation */ = {
			isa = PBXGroup;
			children = (
				644484A1268752E10079CA09 /* Array+ContainsAll.swift */,
				64AB978E2517EA240011D98B /* CaseIterable+Iteration.swift */,
				649354242539C37200A58453 /* Collection+LastIndex.swift */,
				6434F5482688761000A9860E /* Comparable+Clamped.swift */,
				6434F546268875E200A9860E /* FloatingPoint+UnitIntervalClamped.swift */,
				64F3DD082544BE8B00DBC056 /* ClosedRange+Size.swift */,
				6493542E253B3C8700A58453 /* Hasher+Combine.swift */,
				649354292539C3B300A58453 /* Size+Hashable.swift */,
			);
			path = Foundation;
			sourceTree = "<group>";
		};
		6434F54A2688767E00A9860E /* AVFoundation */ = {
			isa = PBXGroup;
			children = (
				64F3DD122544BF0600DBC056 /* AVAudioFile+TimeInterval.swift */,
				64F3DD172544C04B00DBC056 /* AVAudioPCMBuffer+Segment.swift */,
				64F3DD0D2544BEBF00DBC056 /* AVAudioPlayerNode+CurrentTime.swift */,
				6434F5AD268C5B6900A9860E /* AVAudioPlayerNode+StartEngine.swift */,
				64C53E35268F6A1300853848 /* AVAudioPlayerNode+PlaySegment.swift */,
			);
			path = AVFoundation;
			sourceTree = "<group>";
		};
		64AB978D2517E9F50011D98B /* Utilities */ = {
			isa = PBXGroup;
			children = (
				64AB97EB251A94880011D98B /* Extensions */,
				64AB97DC251A94240011D98B /* PropertyWrappers */,
				64B69439257D42780012DEA5 /* Protocols */,
				02484BA5257ACE2300AA8719 /* DocumentFileManager.swift */,
				0211299E257AAF9100CCA824 /* SystemVolumeChangeObserver.swift */,
				64B3EAE8268F875400F9EB69 /* RedundantVolumeIncrementObserver.swift */,
				645D664C2537655F00BD6DDA /* Logger.swift */,
			);
			path = Utilities;
			sourceTree = "<group>";
		};
		64AB97DC251A94240011D98B /* PropertyWrappers */ = {
			isa = PBXGroup;
			children = (
				6450153E252A5549003B00B7 /* Inject.swift */,
				64AB97D2251A934F0011D98B /* UnitInterval.swift */,
			);
			path = PropertyWrappers;
			sourceTree = "<group>";
		};
		64AB97EB251A94880011D98B /* Extensions */ = {
			isa = PBXGroup;
			children = (
				6434F54A2688767E00A9860E /* AVFoundation */,
				6434F545268875A900A9860E /* Foundation */,
				6493A9B1257980E600E2EF33 /* AudioChannel+Color.swift */,
				64935448253CBF2000A58453 /* View+CornerRadius.swift */,
			);
			path = Extensions;
			sourceTree = "<group>";
		};
		64AB97F4251AAE780011D98B /* Components */ = {
			isa = PBXGroup;
			children = (
				6493A9AC25797B1600E2EF33 /* AudioMasterControls.swift */,
				64D8DF9A25166F60000D0653 /* AudioPlayerView.swift */,
				6434F54E2688C6B600A9860E /* AudioPlayerControls.swift */,
				640AD4312516295100415B7E /* AudioFilePicker.swift */,
				6434F54C2688C44500A9860E /* WaveformView.swift */,
				64B3EAEA268FB8A400F9EB69 /* LogoToggleButton.swift */,
			);
			path = Components;
			sourceTree = "<group>";
		};
		64B69439257D42780012DEA5 /* Protocols */ = {
			isa = PBXGroup;
			children = (
				02B8288F257BC4F400B0332F /* UrlReadable.swift */,
			);
			path = Protocols;
			sourceTree = "<group>";
		};
		64CD0DA82516233A00363F75 = {
			isa = PBXGroup;
			children = (
				64D8DFA42516A280000D0653 /* .swiftlint.yml */,
				64CD0DB32516233A00363F75 /* ABit */,
				64CD0DC52516233C00363F75 /* ABitTests */,
				64CD0DD02516233C00363F75 /* ABitUITests */,
				64CD0DB22516233A00363F75 /* Products */,
			);
			sourceTree = "<group>";
		};
		64CD0DB22516233A00363F75 /* Products */ = {
			isa = PBXGroup;
			children = (
				64CD0DB12516233A00363F75 /* ABit.app */,
				64CD0DC22516233C00363F75 /* ABitTests.xctest */,
				64CD0DCD2516233C00363F75 /* ABitUITests.xctest */,
			);
			name = Products;
			sourceTree = "<group>";
		};
		64CD0DB32516233A00363F75 /* ABit */ = {
			isa = PBXGroup;
			children = (
				64D8DFA52516A2AA000D0653 /* App */,
				64D8DF9E25169A7B000D0653 /* Audio */,
				64D8DF9D25169A6F000D0653 /* UI */,
				64AB978D2517E9F50011D98B /* Utilities */,
				64D8DFA62516A2C6000D0653 /* Resources */,
			);
			path = ABit;
			sourceTree = "<group>";
		};
		64CD0DBA2516233C00363F75 /* Preview Content */ = {
			isa = PBXGroup;
			children = (
				64CD0DBB2516233C00363F75 /* Preview Assets.xcassets */,
			);
			path = "Preview Content";
			sourceTree = "<group>";
		};
		64CD0DC52516233C00363F75 /* ABitTests */ = {
			isa = PBXGroup;
			children = (
				64CD0DC62516233C00363F75 /* ABitTests.swift */,
				64CD0DC82516233C00363F75 /* Info.plist */,
			);
			path = ABitTests;
			sourceTree = "<group>";
		};
		64CD0DD02516233C00363F75 /* ABitUITests */ = {
			isa = PBXGroup;
			children = (
				64CD0DD12516233C00363F75 /* ABitUITests.swift */,
				64CD0DD32516233C00363F75 /* Info.plist */,
			);
			path = ABitUITests;
			sourceTree = "<group>";
		};
		64D8DF9D25169A6F000D0653 /* UI */ = {
			isa = PBXGroup;
			children = (
				64CD0DB62516233A00363F75 /* ContentView.swift */,
				64AB97F4251AAE780011D98B /* Components */,
			);
			path = UI;
			sourceTree = "<group>";
		};
		64D8DF9E25169A7B000D0653 /* Audio */ = {
			isa = PBXGroup;
			children = (
				64D8DF9825166AE8000D0653 /* AudioManager.swift */,
				640AD42F2516289C00415B7E /* AudioFilePlayer.swift */,
				641555FF2573D92800F7048F /* AudioFilePlayheadTracker.swift */,
				64EA2757257701F10034B373 /* AudioGraphicsRenderer */,
				6434F5422688608E00A9860E /* Player Configuration */,
			);
			path = Audio;
			sourceTree = "<group>";
		};
		64D8DFA52516A2AA000D0653 /* App */ = {
			isa = PBXGroup;
			children = (
				642723082516B6310052D5E6 /* AppDelegate.swift */,
				6427238A2516BCE60052D5E6 /* SceneDelegate.swift */,
				64501664252D1E0D003B00B7 /* DependencyManager.swift */,
				64EA2780257925FB0034B373 /* AppController.swift */,
			);
			path = App;
			sourceTree = "<group>";
		};
		64D8DFA62516A2C6000D0653 /* Resources */ = {
			isa = PBXGroup;
			children = (
				64AB2DA3257302D100C59E6F /* 1, 2, 3, 4.mp3 */,
				64CEDAAB255DE21D008B5DB5 /* Winstons - Amen, Brother.aif */,
				64CD0DB82516233C00363F75 /* Assets.xcassets */,
				64D8DF9C25169A17000D0653 /* ABit.entitlements */,
				64CD0DBD2516233C00363F75 /* Info.plist */,
				64CD0DBA2516233C00363F75 /* Preview Content */,
			);
			path = Resources;
			sourceTree = "<group>";
		};
		64EA2757257701F10034B373 /* AudioGraphicsRenderer */ = {
			isa = PBXGroup;
			children = (
				64EA27412576F72F0034B373 /* AudioGraphicsRenderer.swift */,
				64EA27442576F72F0034B373 /* WaveformAnalyzer.swift */,
				64EA27422576F72F0034B373 /* TempiFFT.swift */,
				64EA27402576F72F0034B373 /* ColorExtensions.swift */,
				64EA27452576F72F0034B373 /* WaveformImageTypes.swift */,
				64EA27432576F72F0034B373 /* WaveformImageView.swift */,
			);
			path = AudioGraphicsRenderer;
			sourceTree = "<group>";
		};
/* End PBXGroup section */

/* Begin PBXNativeTarget section */
		64CD0DB02516233A00363F75 /* ABit */ = {
			isa = PBXNativeTarget;
			buildConfigurationList = 64CD0DD62516233C00363F75 /* Build configuration list for PBXNativeTarget "ABit" */;
			buildPhases = (
				64CD0DAD2516233A00363F75 /* Sources */,
				64CD0DAE2516233A00363F75 /* Frameworks */,
				64CD0DAF2516233A00363F75 /* Resources */,
				64D8DF9F25169ED5000D0653 /* Run SwiftLint */,
			);
			buildRules = (
			);
			dependencies = (
			);
			name = ABit;
			packageProductDependencies = (
				64935443253CB93000A58453 /* Sliders */,
			);
			productName = ABit;
			productReference = 64CD0DB12516233A00363F75 /* ABit.app */;
			productType = "com.apple.product-type.application";
		};
		64CD0DC12516233C00363F75 /* ABitTests */ = {
			isa = PBXNativeTarget;
			buildConfigurationList = 64CD0DD92516233C00363F75 /* Build configuration list for PBXNativeTarget "ABitTests" */;
			buildPhases = (
				64CD0DBE2516233C00363F75 /* Sources */,
				64CD0DBF2516233C00363F75 /* Frameworks */,
				64CD0DC02516233C00363F75 /* Resources */,
			);
			buildRules = (
			);
			dependencies = (
				64CD0DC42516233C00363F75 /* PBXTargetDependency */,
			);
			name = ABitTests;
			productName = ABitTests;
			productReference = 64CD0DC22516233C00363F75 /* ABitTests.xctest */;
			productType = "com.apple.product-type.bundle.unit-test";
		};
		64CD0DCC2516233C00363F75 /* ABitUITests */ = {
			isa = PBXNativeTarget;
			buildConfigurationList = 64CD0DDC2516233C00363F75 /* Build configuration list for PBXNativeTarget "ABitUITests" */;
			buildPhases = (
				64CD0DC92516233C00363F75 /* Sources */,
				64CD0DCA2516233C00363F75 /* Frameworks */,
				64CD0DCB2516233C00363F75 /* Resources */,
			);
			buildRules = (
			);
			dependencies = (
				64CD0DCF2516233C00363F75 /* PBXTargetDependency */,
			);
			name = ABitUITests;
			productName = ABitUITests;
			productReference = 64CD0DCD2516233C00363F75 /* ABitUITests.xctest */;
			productType = "com.apple.product-type.bundle.ui-testing";
		};
/* End PBXNativeTarget section */

/* Begin PBXProject section */
		64CD0DA92516233A00363F75 /* Project object */ = {
			isa = PBXProject;
			attributes = {
				LastSwiftUpdateCheck = 1200;
				LastUpgradeCheck = 1200;
				TargetAttributes = {
					64CD0DB02516233A00363F75 = {
						CreatedOnToolsVersion = 12.0;
					};
					64CD0DC12516233C00363F75 = {
						CreatedOnToolsVersion = 12.0;
						TestTargetID = 64CD0DB02516233A00363F75;
					};
					64CD0DCC2516233C00363F75 = {
						CreatedOnToolsVersion = 12.0;
						TestTargetID = 64CD0DB02516233A00363F75;
					};
				};
			};
			buildConfigurationList = 64CD0DAC2516233A00363F75 /* Build configuration list for PBXProject "ABit" */;
			compatibilityVersion = "Xcode 12.0";
			developmentRegion = en;
			hasScannedForEncodings = 0;
			knownRegions = (
				en,
				Base,
			);
			mainGroup = 64CD0DA82516233A00363F75;
			packageReferences = (
				64935442253CB93000A58453 /* XCRemoteSwiftPackageReference "swiftui-sliders" */,
			);
			productRefGroup = 64CD0DB22516233A00363F75 /* Products */;
			projectDirPath = "";
			projectRoot = "";
			targets = (
				64CD0DB02516233A00363F75 /* ABit */,
				64CD0DC12516233C00363F75 /* ABitTests */,
				64CD0DCC2516233C00363F75 /* ABitUITests */,
			);
		};
/* End PBXProject section */

/* Begin PBXResourcesBuildPhase section */
		64CD0DAF2516233A00363F75 /* Resources */ = {
			isa = PBXResourcesBuildPhase;
			buildActionMask = 2147483647;
			files = (
				64CD0DBC2516233C00363F75 /* Preview Assets.xcassets in Resources */,
				64CEDAAC255DE21D008B5DB5 /* Winstons - Amen, Brother.aif in Resources */,
				64AB2DA4257302D100C59E6F /* 1, 2, 3, 4.mp3 in Resources */,
				64CD0DB92516233C00363F75 /* Assets.xcassets in Resources */,
			);
			runOnlyForDeploymentPostprocessing = 0;
		};
		64CD0DC02516233C00363F75 /* Resources */ = {
			isa = PBXResourcesBuildPhase;
			buildActionMask = 2147483647;
			files = (
				64194A3526375A7500F05678 /* 1, 2, 3, 4.mp3 in Resources */,
			);
			runOnlyForDeploymentPostprocessing = 0;
		};
		64CD0DCB2516233C00363F75 /* Resources */ = {
			isa = PBXResourcesBuildPhase;
			buildActionMask = 2147483647;
			files = (
			);
			runOnlyForDeploymentPostprocessing = 0;
		};
/* End PBXResourcesBuildPhase section */

/* Begin PBXShellScriptBuildPhase section */
		64D8DF9F25169ED5000D0653 /* Run SwiftLint */ = {
			isa = PBXShellScriptBuildPhase;
			buildActionMask = 2147483647;
			files = (
			);
			inputFileListPaths = (
			);
			inputPaths = (
			);
			name = "Run SwiftLint";
			outputFileListPaths = (
			);
			outputPaths = (
			);
			runOnlyForDeploymentPostprocessing = 0;
			shellPath = /bin/sh;
			shellScript = "if which swiftlint >/dev/null; then\n  swiftlint\nelse\n  echo \"warning: SwiftLint not installed, download from https://github.com/realm/SwiftLint\"\nfi\n";
		};
/* End PBXShellScriptBuildPhase section */

/* Begin PBXSourcesBuildPhase section */
		64CD0DAD2516233A00363F75 /* Sources */ = {
			isa = PBXSourcesBuildPhase;
			buildActionMask = 2147483647;
			files = (
				64F3DD092544BE8B00DBC056 /* ClosedRange+Size.swift in Sources */,
				6434F54F2688C6B600A9860E /* AudioPlayerControls.swift in Sources */,
				64EA27B9257943E10034B373 /* DependencyManager.swift in Sources */,
				6434F5492688761000A9860E /* Comparable+Clamped.swift in Sources */,
				64EA27472576F72F0034B373 /* ColorExtensions.swift in Sources */,
				64EA274C2576F72F0034B373 /* WaveformImageTypes.swift in Sources */,
				6434F5442688608E00A9860E /* AudioPlayerConfiguration.swift in Sources */,
				64D8DF9B25166F60000D0653 /* AudioPlayerView.swift in Sources */,
				6434F54D2688C44500A9860E /* WaveformView.swift in Sources */,
				6493A9B62579834400E2EF33 /* AudioChannel+Color.swift in Sources */,
				64F3DD0E2544BEBF00DBC056 /* AVAudioPlayerNode+CurrentTime.swift in Sources */,
				02484BA6257ACE2300AA8719 /* DocumentFileManager.swift in Sources */,
				64EA2781257925FB0034B373 /* AppController.swift in Sources */,
				64EA27492576F72F0034B373 /* TempiFFT.swift in Sources */,
				6493542F253B3C8700A58453 /* Hasher+Combine.swift in Sources */,
				64EA274A2576F72F0034B373 /* WaveformImageView.swift in Sources */,
				64D8DF9925166AE8000D0653 /* AudioManager.swift in Sources */,
				0211299F257AAF9100CCA824 /* SystemVolumeChangeObserver.swift in Sources */,
				64B3EAE9268F875400F9EB69 /* RedundantVolumeIncrementObserver.swift in Sources */,
				64CD0DB72516233A00363F75 /* ContentView.swift in Sources */,
				64BA8F73257414300091D525 /* Logger.swift in Sources */,
				6434F5AE268C5B6900A9860E /* AVAudioPlayerNode+StartEngine.swift in Sources */,
				6493A9AD25797B1600E2EF33 /* AudioMasterControls.swift in Sources */,
				6434F547268875E200A9860E /* FloatingPoint+UnitIntervalClamped.swift in Sources */,
				642723092516B6310052D5E6 /* AppDelegate.swift in Sources */,
				640AD4302516289C00415B7E /* AudioFilePlayer.swift in Sources */,
				64B3EAEB268FB8A400F9EB69 /* LogoToggleButton.swift in Sources */,
				64EA276D257834390034B373 /* AudioGraphicsRenderer.swift in Sources */,
				64EA274B2576F72F0034B373 /* WaveformAnalyzer.swift in Sources */,
				64AB978F2517EA240011D98B /* CaseIterable+Iteration.swift in Sources */,
				64F3DD182544C04B00DBC056 /* AVAudioPCMBuffer+Segment.swift in Sources */,
				64AB2DBA2573184E00C59E6F /* AVAudioFile+TimeInterval.swift in Sources */,
				6450153F252A5549003B00B7 /* Inject.swift in Sources */,
				6493542A2539C3B300A58453 /* Size+Hashable.swift in Sources */,
				64B69427257D3AD70012DEA5 /* AudioPlayerConfigurationManager.swift in Sources */,
				02B82890257BC4F400B0332F /* UrlReadable.swift in Sources */,
				64C53E36268F6A1300853848 /* AVAudioPlayerNode+PlaySegment.swift in Sources */,
				644484A2268752E10079CA09 /* Array+ContainsAll.swift in Sources */,
				64935449253CBF2000A58453 /* View+CornerRadius.swift in Sources */,
				640AD4322516295100415B7E /* AudioFilePicker.swift in Sources */,
				6427238B2516BCE60052D5E6 /* SceneDelegate.swift in Sources */,
				649354252539C37200A58453 /* Collection+LastIndex.swift in Sources */,
				64AB97D3251A934F0011D98B /* UnitInterval.swift in Sources */,
				641556002573D92800F7048F /* AudioFilePlayheadTracker.swift in Sources */,
			);
			runOnlyForDeploymentPostprocessing = 0;
		};
		64CD0DBE2516233C00363F75 /* Sources */ = {
			isa = PBXSourcesBuildPhase;
			buildActionMask = 2147483647;
			files = (
				64CD0DC72516233C00363F75 /* ABitTests.swift in Sources */,
			);
			runOnlyForDeploymentPostprocessing = 0;
		};
		64CD0DC92516233C00363F75 /* Sources */ = {
			isa = PBXSourcesBuildPhase;
			buildActionMask = 2147483647;
			files = (
				64CD0DD22516233C00363F75 /* ABitUITests.swift in Sources */,
			);
			runOnlyForDeploymentPostprocessing = 0;
		};
/* End PBXSourcesBuildPhase section */

/* Begin PBXTargetDependency section */
		64CD0DC42516233C00363F75 /* PBXTargetDependency */ = {
			isa = PBXTargetDependency;
			target = 64CD0DB02516233A00363F75 /* ABit */;
			targetProxy = 64CD0DC32516233C00363F75 /* PBXContainerItemProxy */;
		};
		64CD0DCF2516233C00363F75 /* PBXTargetDependency */ = {
			isa = PBXTargetDependency;
			target = 64CD0DB02516233A00363F75 /* ABit */;
			targetProxy = 64CD0DCE2516233C00363F75 /* PBXContainerItemProxy */;
		};
/* End PBXTargetDependency section */

/* Begin XCBuildConfiguration section */
		64CD0DD42516233C00363F75 /* Debug */ = {
			isa = XCBuildConfiguration;
			buildSettings = {
				ALWAYS_SEARCH_USER_PATHS = NO;
				CLANG_ANALYZER_NONNULL = YES;
				CLANG_ANALYZER_NUMBER_OBJECT_CONVERSION = YES_AGGRESSIVE;
				CLANG_CXX_LANGUAGE_STANDARD = "gnu++14";
				CLANG_CXX_LIBRARY = "libc++";
				CLANG_ENABLE_MODULES = YES;
				CLANG_ENABLE_OBJC_ARC = YES;
				CLANG_ENABLE_OBJC_WEAK = YES;
				CLANG_WARN_BLOCK_CAPTURE_AUTORELEASING = YES;
				CLANG_WARN_BOOL_CONVERSION = YES;
				CLANG_WARN_COMMA = YES;
				CLANG_WARN_CONSTANT_CONVERSION = YES;
				CLANG_WARN_DEPRECATED_OBJC_IMPLEMENTATIONS = YES;
				CLANG_WARN_DIRECT_OBJC_ISA_USAGE = YES_ERROR;
				CLANG_WARN_DOCUMENTATION_COMMENTS = YES;
				CLANG_WARN_EMPTY_BODY = YES;
				CLANG_WARN_ENUM_CONVERSION = YES;
				CLANG_WARN_INFINITE_RECURSION = YES;
				CLANG_WARN_INT_CONVERSION = YES;
				CLANG_WARN_NON_LITERAL_NULL_CONVERSION = YES;
				CLANG_WARN_OBJC_IMPLICIT_RETAIN_SELF = YES;
				CLANG_WARN_OBJC_LITERAL_CONVERSION = YES;
				CLANG_WARN_OBJC_ROOT_CLASS = YES_ERROR;
				CLANG_WARN_QUOTED_INCLUDE_IN_FRAMEWORK_HEADER = YES;
				CLANG_WARN_RANGE_LOOP_ANALYSIS = YES;
				CLANG_WARN_STRICT_PROTOTYPES = YES;
				CLANG_WARN_SUSPICIOUS_MOVE = YES;
				CLANG_WARN_UNGUARDED_AVAILABILITY = YES_AGGRESSIVE;
				CLANG_WARN_UNREACHABLE_CODE = YES;
				CLANG_WARN__DUPLICATE_METHOD_MATCH = YES;
				COPY_PHASE_STRIP = NO;
				DEBUG_INFORMATION_FORMAT = dwarf;
				ENABLE_STRICT_OBJC_MSGSEND = YES;
				ENABLE_TESTABILITY = YES;
				GCC_C_LANGUAGE_STANDARD = gnu11;
				GCC_DYNAMIC_NO_PIC = NO;
				GCC_NO_COMMON_BLOCKS = YES;
				GCC_OPTIMIZATION_LEVEL = 0;
				GCC_PREPROCESSOR_DEFINITIONS = (
					"DEBUG=1",
					"$(inherited)",
				);
				GCC_WARN_64_TO_32_BIT_CONVERSION = YES;
				GCC_WARN_ABOUT_RETURN_TYPE = YES_ERROR;
				GCC_WARN_UNDECLARED_SELECTOR = YES;
				GCC_WARN_UNINITIALIZED_AUTOS = YES_AGGRESSIVE;
				GCC_WARN_UNUSED_FUNCTION = YES;
				GCC_WARN_UNUSED_VARIABLE = YES;
				IPHONEOS_DEPLOYMENT_TARGET = 14.0;
				MTL_ENABLE_DEBUG_INFO = INCLUDE_SOURCE;
				MTL_FAST_MATH = YES;
				ONLY_ACTIVE_ARCH = YES;
				SDKROOT = iphoneos;
				SWIFT_ACTIVE_COMPILATION_CONDITIONS = DEBUG;
				SWIFT_OPTIMIZATION_LEVEL = "-Onone";
			};
			name = Debug;
		};
		64CD0DD52516233C00363F75 /* Release */ = {
			isa = XCBuildConfiguration;
			buildSettings = {
				ALWAYS_SEARCH_USER_PATHS = NO;
				CLANG_ANALYZER_NONNULL = YES;
				CLANG_ANALYZER_NUMBER_OBJECT_CONVERSION = YES_AGGRESSIVE;
				CLANG_CXX_LANGUAGE_STANDARD = "gnu++14";
				CLANG_CXX_LIBRARY = "libc++";
				CLANG_ENABLE_MODULES = YES;
				CLANG_ENABLE_OBJC_ARC = YES;
				CLANG_ENABLE_OBJC_WEAK = YES;
				CLANG_WARN_BLOCK_CAPTURE_AUTORELEASING = YES;
				CLANG_WARN_BOOL_CONVERSION = YES;
				CLANG_WARN_COMMA = YES;
				CLANG_WARN_CONSTANT_CONVERSION = YES;
				CLANG_WARN_DEPRECATED_OBJC_IMPLEMENTATIONS = YES;
				CLANG_WARN_DIRECT_OBJC_ISA_USAGE = YES_ERROR;
				CLANG_WARN_DOCUMENTATION_COMMENTS = YES;
				CLANG_WARN_EMPTY_BODY = YES;
				CLANG_WARN_ENUM_CONVERSION = YES;
				CLANG_WARN_INFINITE_RECURSION = YES;
				CLANG_WARN_INT_CONVERSION = YES;
				CLANG_WARN_NON_LITERAL_NULL_CONVERSION = YES;
				CLANG_WARN_OBJC_IMPLICIT_RETAIN_SELF = YES;
				CLANG_WARN_OBJC_LITERAL_CONVERSION = YES;
				CLANG_WARN_OBJC_ROOT_CLASS = YES_ERROR;
				CLANG_WARN_QUOTED_INCLUDE_IN_FRAMEWORK_HEADER = YES;
				CLANG_WARN_RANGE_LOOP_ANALYSIS = YES;
				CLANG_WARN_STRICT_PROTOTYPES = YES;
				CLANG_WARN_SUSPICIOUS_MOVE = YES;
				CLANG_WARN_UNGUARDED_AVAILABILITY = YES_AGGRESSIVE;
				CLANG_WARN_UNREACHABLE_CODE = YES;
				CLANG_WARN__DUPLICATE_METHOD_MATCH = YES;
				COPY_PHASE_STRIP = NO;
				DEBUG_INFORMATION_FORMAT = "dwarf-with-dsym";
				ENABLE_NS_ASSERTIONS = NO;
				ENABLE_STRICT_OBJC_MSGSEND = YES;
				GCC_C_LANGUAGE_STANDARD = gnu11;
				GCC_NO_COMMON_BLOCKS = YES;
				GCC_WARN_64_TO_32_BIT_CONVERSION = YES;
				GCC_WARN_ABOUT_RETURN_TYPE = YES_ERROR;
				GCC_WARN_UNDECLARED_SELECTOR = YES;
				GCC_WARN_UNINITIALIZED_AUTOS = YES_AGGRESSIVE;
				GCC_WARN_UNUSED_FUNCTION = YES;
				GCC_WARN_UNUSED_VARIABLE = YES;
				IPHONEOS_DEPLOYMENT_TARGET = 14.0;
				MTL_ENABLE_DEBUG_INFO = NO;
				MTL_FAST_MATH = YES;
				SDKROOT = iphoneos;
				SWIFT_COMPILATION_MODE = wholemodule;
				SWIFT_OPTIMIZATION_LEVEL = "-O";
				VALIDATE_PRODUCT = YES;
			};
			name = Release;
		};
		64CD0DD72516233C00363F75 /* Debug */ = {
			isa = XCBuildConfiguration;
			buildSettings = {
				ASSETCATALOG_COMPILER_APPICON_NAME = AppIcon;
				ASSETCATALOG_COMPILER_GLOBAL_ACCENT_COLOR_NAME = AccentColor;
				CODE_SIGN_ENTITLEMENTS = ABit/Resources/ABit.entitlements;
				CODE_SIGN_STYLE = Automatic;
				CURRENT_PROJECT_VERSION = 10;
				DEVELOPMENT_ASSET_PATHS = "\"ABit/Resources/Preview Content\"";
				DEVELOPMENT_TEAM = X8G7MMTMU8;
				ENABLE_PREVIEWS = YES;
				INFOPLIST_FILE = ABit/Resources/Info.plist;
				IPHONEOS_DEPLOYMENT_TARGET = 14.0;
				LD_RUNPATH_SEARCH_PATHS = (
					"$(inherited)",
					"@executable_path/Frameworks",
				);
				MARKETING_VERSION = 0.8;
				PRODUCT_BUNDLE_IDENTIFIER = com.RutterStudios.AB;
				PRODUCT_NAME = "$(TARGET_NAME)";
				SUPPORTS_MACCATALYST = YES;
				SWIFT_VERSION = 5.0;
				TARGETED_DEVICE_FAMILY = "1,2";
			};
			name = Debug;
		};
		64CD0DD82516233C00363F75 /* Release */ = {
			isa = XCBuildConfiguration;
			buildSettings = {
				ASSETCATALOG_COMPILER_APPICON_NAME = AppIcon;
				ASSETCATALOG_COMPILER_GLOBAL_ACCENT_COLOR_NAME = AccentColor;
				CODE_SIGN_ENTITLEMENTS = ABit/Resources/ABit.entitlements;
				CODE_SIGN_STYLE = Automatic;
				CURRENT_PROJECT_VERSION = 10;
				DEVELOPMENT_ASSET_PATHS = "\"ABit/Resources/Preview Content\"";
				DEVELOPMENT_TEAM = X8G7MMTMU8;
				ENABLE_PREVIEWS = YES;
				INFOPLIST_FILE = ABit/Resources/Info.plist;
				IPHONEOS_DEPLOYMENT_TARGET = 14.0;
				LD_RUNPATH_SEARCH_PATHS = (
					"$(inherited)",
					"@executable_path/Frameworks",
				);
				MARKETING_VERSION = 0.8;
				PRODUCT_BUNDLE_IDENTIFIER = com.RutterStudios.AB;
				PRODUCT_NAME = "$(TARGET_NAME)";
				SUPPORTS_MACCATALYST = YES;
				SWIFT_VERSION = 5.0;
				TARGETED_DEVICE_FAMILY = "1,2";
			};
			name = Release;
		};
		64CD0DDA2516233C00363F75 /* Debug */ = {
			isa = XCBuildConfiguration;
			buildSettings = {
				ALWAYS_EMBED_SWIFT_STANDARD_LIBRARIES = YES;
				BUNDLE_LOADER = "$(TEST_HOST)";
				CODE_SIGN_STYLE = Automatic;
				DEVELOPMENT_TEAM = X8G7MMTMU8;
				INFOPLIST_FILE = ABitTests/Info.plist;
				IPHONEOS_DEPLOYMENT_TARGET = 14.0;
				LD_RUNPATH_SEARCH_PATHS = (
					"$(inherited)",
					"@executable_path/Frameworks",
					"@loader_path/Frameworks",
				);
				PRODUCT_BUNDLE_IDENTIFIER = com.RutterStudios.ABitTests;
				PRODUCT_NAME = "$(TARGET_NAME)";
				SWIFT_VERSION = 5.0;
				TARGETED_DEVICE_FAMILY = "1,2";
				TEST_HOST = "$(BUILT_PRODUCTS_DIR)/ABit.app/ABit";
			};
			name = Debug;
		};
		64CD0DDB2516233C00363F75 /* Release */ = {
			isa = XCBuildConfiguration;
			buildSettings = {
				ALWAYS_EMBED_SWIFT_STANDARD_LIBRARIES = YES;
				BUNDLE_LOADER = "$(TEST_HOST)";
				CODE_SIGN_STYLE = Automatic;
				DEVELOPMENT_TEAM = X8G7MMTMU8;
				INFOPLIST_FILE = ABitTests/Info.plist;
				IPHONEOS_DEPLOYMENT_TARGET = 14.0;
				LD_RUNPATH_SEARCH_PATHS = (
					"$(inherited)",
					"@executable_path/Frameworks",
					"@loader_path/Frameworks",
				);
				PRODUCT_BUNDLE_IDENTIFIER = com.RutterStudios.ABitTests;
				PRODUCT_NAME = "$(TARGET_NAME)";
				SWIFT_VERSION = 5.0;
				TARGETED_DEVICE_FAMILY = "1,2";
				TEST_HOST = "$(BUILT_PRODUCTS_DIR)/ABit.app/ABit";
			};
			name = Release;
		};
		64CD0DDD2516233C00363F75 /* Debug */ = {
			isa = XCBuildConfiguration;
			buildSettings = {
				ALWAYS_EMBED_SWIFT_STANDARD_LIBRARIES = YES;
				CODE_SIGN_STYLE = Automatic;
				DEVELOPMENT_TEAM = X8G7MMTMU8;
				INFOPLIST_FILE = ABitUITests/Info.plist;
				LD_RUNPATH_SEARCH_PATHS = (
					"$(inherited)",
					"@executable_path/Frameworks",
					"@loader_path/Frameworks",
				);
				PRODUCT_BUNDLE_IDENTIFIER = com.RutterStudios.ABitUITests;
				PRODUCT_NAME = "$(TARGET_NAME)";
				SWIFT_VERSION = 5.0;
				TARGETED_DEVICE_FAMILY = "1,2";
				TEST_TARGET_NAME = ABit;
			};
			name = Debug;
		};
		64CD0DDE2516233C00363F75 /* Release */ = {
			isa = XCBuildConfiguration;
			buildSettings = {
				ALWAYS_EMBED_SWIFT_STANDARD_LIBRARIES = YES;
				CODE_SIGN_STYLE = Automatic;
				DEVELOPMENT_TEAM = X8G7MMTMU8;
				INFOPLIST_FILE = ABitUITests/Info.plist;
				LD_RUNPATH_SEARCH_PATHS = (
					"$(inherited)",
					"@executable_path/Frameworks",
					"@loader_path/Frameworks",
				);
				PRODUCT_BUNDLE_IDENTIFIER = com.RutterStudios.ABitUITests;
				PRODUCT_NAME = "$(TARGET_NAME)";
				SWIFT_VERSION = 5.0;
				TARGETED_DEVICE_FAMILY = "1,2";
				TEST_TARGET_NAME = ABit;
			};
			name = Release;
		};
/* End XCBuildConfiguration section */

/* Begin XCConfigurationList section */
		64CD0DAC2516233A00363F75 /* Build configuration list for PBXProject "ABit" */ = {
			isa = XCConfigurationList;
			buildConfigurations = (
				64CD0DD42516233C00363F75 /* Debug */,
				64CD0DD52516233C00363F75 /* Release */,
			);
			defaultConfigurationIsVisible = 0;
			defaultConfigurationName = Release;
		};
		64CD0DD62516233C00363F75 /* Build configuration list for PBXNativeTarget "ABit" */ = {
			isa = XCConfigurationList;
			buildConfigurations = (
				64CD0DD72516233C00363F75 /* Debug */,
				64CD0DD82516233C00363F75 /* Release */,
			);
			defaultConfigurationIsVisible = 0;
			defaultConfigurationName = Release;
		};
		64CD0DD92516233C00363F75 /* Build configuration list for PBXNativeTarget "ABitTests" */ = {
			isa = XCConfigurationList;
			buildConfigurations = (
				64CD0DDA2516233C00363F75 /* Debug */,
				64CD0DDB2516233C00363F75 /* Release */,
			);
			defaultConfigurationIsVisible = 0;
			defaultConfigurationName = Release;
		};
		64CD0DDC2516233C00363F75 /* Build configuration list for PBXNativeTarget "ABitUITests" */ = {
			isa = XCConfigurationList;
			buildConfigurations = (
				64CD0DDD2516233C00363F75 /* Debug */,
				64CD0DDE2516233C00363F75 /* Release */,
			);
			defaultConfigurationIsVisible = 0;
			defaultConfigurationName = Release;
		};
/* End XCConfigurationList section */

/* Begin XCRemoteSwiftPackageReference section */
		64935442253CB93000A58453 /* XCRemoteSwiftPackageReference "swiftui-sliders" */ = {
			isa = XCRemoteSwiftPackageReference;
			repositoryURL = "https://github.com/swift-extensions/swiftui-sliders.git";
			requirement = {
				kind = upToNextMajorVersion;
				minimumVersion = 1.0.0;
			};
		};
/* End XCRemoteSwiftPackageReference section */

/* Begin XCSwiftPackageProductDependency section */
		64935443253CB93000A58453 /* Sliders */ = {
			isa = XCSwiftPackageProductDependency;
			package = 64935442253CB93000A58453 /* XCRemoteSwiftPackageReference "swiftui-sliders" */;
			productName = Sliders;
		};
/* End XCSwiftPackageProductDependency section */
	};
	rootObject = 64CD0DA92516233A00363F75 /* Project object */;
}
