// !$*UTF8*$!
{
	archiveVersion = 1;
	classes = {
	};
	objectVersion = 52;
	objects = {

/* Begin PBXBuildFile section */
		640AD42E2516278400415B7E /* AudioKit in Frameworks */ = {isa = PBXBuildFile; productRef = 640AD42D2516278400415B7E /* AudioKit */; };
		640AD4302516289C00415B7E /* AudioFilePlayer.swift in Sources */ = {isa = PBXBuildFile; fileRef = 640AD42F2516289C00415B7E /* AudioFilePlayer.swift */; };
		640AD4322516295100415B7E /* AudioDocumentPicker.swift in Sources */ = {isa = PBXBuildFile; fileRef = 640AD4312516295100415B7E /* AudioDocumentPicker.swift */; };
		64CD0DB52516233A00363F75 /* ABitApp.swift in Sources */ = {isa = PBXBuildFile; fileRef = 64CD0DB42516233A00363F75 /* ABitApp.swift */; };
		64CD0DB72516233A00363F75 /* ContentView.swift in Sources */ = {isa = PBXBuildFile; fileRef = 64CD0DB62516233A00363F75 /* ContentView.swift */; };
		64CD0DB92516233C00363F75 /* Assets.xcassets in Resources */ = {isa = PBXBuildFile; fileRef = 64CD0DB82516233C00363F75 /* Assets.xcassets */; };
		64CD0DBC2516233C00363F75 /* Preview Assets.xcassets in Resources */ = {isa = PBXBuildFile; fileRef = 64CD0DBB2516233C00363F75 /* Preview Assets.xcassets */; };
		64CD0DC72516233C00363F75 /* ABitTests.swift in Sources */ = {isa = PBXBuildFile; fileRef = 64CD0DC62516233C00363F75 /* ABitTests.swift */; };
		64CD0DD22516233C00363F75 /* ABitUITests.swift in Sources */ = {isa = PBXBuildFile; fileRef = 64CD0DD12516233C00363F75 /* ABitUITests.swift */; };
		64D8DF9925166AE8000D0653 /* AudioManager.swift in Sources */ = {isa = PBXBuildFile; fileRef = 64D8DF9825166AE8000D0653 /* AudioManager.swift */; };
		64D8DF9B25166F60000D0653 /* AudioPlayerView.swift in Sources */ = {isa = PBXBuildFile; fileRef = 64D8DF9A25166F60000D0653 /* AudioPlayerView.swift */; };
/* End PBXBuildFile section */

/* Begin PBXContainerItemProxy section */
		64CD0DC32516233C00363F75 /* PBXContainerItemProxy */ = {
			isa = PBXContainerItemProxy;
			containerPortal = 64CD0DA92516233A00363F75 /* Project object */;
			proxyType = 1;
			remoteGlobalIDString = 64CD0DB02516233A00363F75;
			remoteInfo = ABit;
		};
		64CD0DCE2516233C00363F75 /* PBXContainerItemProxy */ = {
			isa = PBXContainerItemProxy;
			containerPortal = 64CD0DA92516233A00363F75 /* Project object */;
			proxyType = 1;
			remoteGlobalIDString = 64CD0DB02516233A00363F75;
			remoteInfo = ABit;
		};
/* End PBXContainerItemProxy section */

/* Begin PBXFileReference section */
		640AD42F2516289C00415B7E /* AudioFilePlayer.swift */ = {isa = PBXFileReference; fileEncoding = 4; lastKnownFileType = sourcecode.swift; path = AudioFilePlayer.swift; sourceTree = "<group>"; };
		640AD4312516295100415B7E /* AudioDocumentPicker.swift */ = {isa = PBXFileReference; lastKnownFileType = sourcecode.swift; path = AudioDocumentPicker.swift; sourceTree = "<group>"; };
		64CD0DB12516233A00363F75 /* ABit.app */ = {isa = PBXFileReference; explicitFileType = wrapper.application; includeInIndex = 0; path = ABit.app; sourceTree = BUILT_PRODUCTS_DIR; };
		64CD0DB42516233A00363F75 /* ABitApp.swift */ = {isa = PBXFileReference; lastKnownFileType = sourcecode.swift; path = ABitApp.swift; sourceTree = "<group>"; };
		64CD0DB62516233A00363F75 /* ContentView.swift */ = {isa = PBXFileReference; lastKnownFileType = sourcecode.swift; path = ContentView.swift; sourceTree = "<group>"; };
		64CD0DB82516233C00363F75 /* Assets.xcassets */ = {isa = PBXFileReference; lastKnownFileType = folder.assetcatalog; path = Assets.xcassets; sourceTree = "<group>"; };
		64CD0DBB2516233C00363F75 /* Preview Assets.xcassets */ = {isa = PBXFileReference; lastKnownFileType = folder.assetcatalog; path = "Preview Assets.xcassets"; sourceTree = "<group>"; };
		64CD0DBD2516233C00363F75 /* Info.plist */ = {isa = PBXFileReference; lastKnownFileType = text.plist.xml; path = Info.plist; sourceTree = "<group>"; };
		64CD0DC22516233C00363F75 /* ABitTests.xctest */ = {isa = PBXFileReference; explicitFileType = wrapper.cfbundle; includeInIndex = 0; path = ABitTests.xctest; sourceTree = BUILT_PRODUCTS_DIR; };
		64CD0DC62516233C00363F75 /* ABitTests.swift */ = {isa = PBXFileReference; lastKnownFileType = sourcecode.swift; path = ABitTests.swift; sourceTree = "<group>"; };
		64CD0DC82516233C00363F75 /* Info.plist */ = {isa = PBXFileReference; lastKnownFileType = text.plist.xml; path = Info.plist; sourceTree = "<group>"; };
		64CD0DCD2516233C00363F75 /* ABitUITests.xctest */ = {isa = PBXFileReference; explicitFileType = wrapper.cfbundle; includeInIndex = 0; path = ABitUITests.xctest; sourceTree = BUILT_PRODUCTS_DIR; };
		64CD0DD12516233C00363F75 /* ABitUITests.swift */ = {isa = PBXFileReference; lastKnownFileType = sourcecode.swift; path = ABitUITests.swift; sourceTree = "<group>"; };
		64CD0DD32516233C00363F75 /* Info.plist */ = {isa = PBXFileReference; lastKnownFileType = text.plist.xml; path = Info.plist; sourceTree = "<group>"; };
		64D8DF9825166AE8000D0653 /* AudioManager.swift */ = {isa = PBXFileReference; lastKnownFileType = sourcecode.swift; path = AudioManager.swift; sourceTree = "<group>"; };
		64D8DF9A25166F60000D0653 /* AudioPlayerView.swift */ = {isa = PBXFileReference; lastKnownFileType = sourcecode.swift; path = AudioPlayerView.swift; sourceTree = "<group>"; };
/* End PBXFileReference section */

/* Begin PBXFrameworksBuildPhase section */
		64CD0DAE2516233A00363F75 /* Frameworks */ = {
			isa = PBXFrameworksBuildPhase;
			buildActionMask = 2147483647;
			files = (
				640AD42E2516278400415B7E /* AudioKit in Frameworks */,
			);
			runOnlyForDeploymentPostprocessing = 0;
		};
		64CD0DBF2516233C00363F75 /* Frameworks */ = {
			isa = PBXFrameworksBuildPhase;
			buildActionMask = 2147483647;
			files = (
			);
			runOnlyForDeploymentPostprocessing = 0;
		};
		64CD0DCA2516233C00363F75 /* Frameworks */ = {
			isa = PBXFrameworksBuildPhase;
			buildActionMask = 2147483647;
			files = (
			);
			runOnlyForDeploymentPostprocessing = 0;
		};
/* End PBXFrameworksBuildPhase section */

/* Begin PBXGroup section */
		64CD0DA82516233A00363F75 = {
			isa = PBXGroup;
			children = (
				64CD0DB32516233A00363F75 /* ABit */,
				64CD0DC52516233C00363F75 /* ABitTests */,
				64CD0DD02516233C00363F75 /* ABitUITests */,
				64CD0DB22516233A00363F75 /* Products */,
			);
			sourceTree = "<group>";
		};
		64CD0DB22516233A00363F75 /* Products */ = {
			isa = PBXGroup;
			children = (
				64CD0DB12516233A00363F75 /* ABit.app */,
				64CD0DC22516233C00363F75 /* ABitTests.xctest */,
				64CD0DCD2516233C00363F75 /* ABitUITests.xctest */,
			);
			name = Products;
			sourceTree = "<group>";
		};
		64CD0DB32516233A00363F75 /* ABit */ = {
			isa = PBXGroup;
			children = (
				64CD0DB42516233A00363F75 /* ABitApp.swift */,
				64CD0DB62516233A00363F75 /* ContentView.swift */,
				64D8DF9A25166F60000D0653 /* AudioPlayerView.swift */,
				640AD4312516295100415B7E /* AudioDocumentPicker.swift */,
				640AD42F2516289C00415B7E /* AudioFilePlayer.swift */,
				64D8DF9825166AE8000D0653 /* AudioManager.swift */,
				64CD0DB82516233C00363F75 /* Assets.xcassets */,
				64CD0DBD2516233C00363F75 /* Info.plist */,
				64CD0DBA2516233C00363F75 /* Preview Content */,
			);
			path = ABit;
			sourceTree = "<group>";
		};
		64CD0DBA2516233C00363F75 /* Preview Content */ = {
			isa = PBXGroup;
			children = (
				64CD0DBB2516233C00363F75 /* Preview Assets.xcassets */,
			);
			path = "Preview Content";
			sourceTree = "<group>";
		};
		64CD0DC52516233C00363F75 /* ABitTests */ = {
			isa = PBXGroup;
			children = (
				64CD0DC62516233C00363F75 /* ABitTests.swift */,
				64CD0DC82516233C00363F75 /* Info.plist */,
			);
			path = ABitTests;
			sourceTree = "<group>";
		};
		64CD0DD02516233C00363F75 /* ABitUITests */ = {
			isa = PBXGroup;
			children = (
				64CD0DD12516233C00363F75 /* ABitUITests.swift */,
				64CD0DD32516233C00363F75 /* Info.plist */,
			);
			path = ABitUITests;
			sourceTree = "<group>";
		};
/* End PBXGroup section */

/* Begin PBXNativeTarget section */
		64CD0DB02516233A00363F75 /* ABit */ = {
			isa = PBXNativeTarget;
			buildConfigurationList = 64CD0DD62516233C00363F75 /* Build configuration list for PBXNativeTarget "ABit" */;
			buildPhases = (
				64CD0DAD2516233A00363F75 /* Sources */,
				64CD0DAE2516233A00363F75 /* Frameworks */,
				64CD0DAF2516233A00363F75 /* Resources */,
			);
			buildRules = (
			);
			dependencies = (
			);
			name = ABit;
			packageProductDependencies = (
				640AD42D2516278400415B7E /* AudioKit */,
			);
			productName = ABit;
			productReference = 64CD0DB12516233A00363F75 /* ABit.app */;
			productType = "com.apple.product-type.application";
		};
		64CD0DC12516233C00363F75 /* ABitTests */ = {
			isa = PBXNativeTarget;
			buildConfigurationList = 64CD0DD92516233C00363F75 /* Build configuration list for PBXNativeTarget "ABitTests" */;
			buildPhases = (
				64CD0DBE2516233C00363F75 /* Sources */,
				64CD0DBF2516233C00363F75 /* Frameworks */,
				64CD0DC02516233C00363F75 /* Resources */,
			);
			buildRules = (
			);
			dependencies = (
				64CD0DC42516233C00363F75 /* PBXTargetDependency */,
			);
			name = ABitTests;
			productName = ABitTests;
			productReference = 64CD0DC22516233C00363F75 /* ABitTests.xctest */;
			productType = "com.apple.product-type.bundle.unit-test";
		};
		64CD0DCC2516233C00363F75 /* ABitUITests */ = {
			isa = PBXNativeTarget;
			buildConfigurationList = 64CD0DDC2516233C00363F75 /* Build configuration list for PBXNativeTarget "ABitUITests" */;
			buildPhases = (
				64CD0DC92516233C00363F75 /* Sources */,
				64CD0DCA2516233C00363F75 /* Frameworks */,
				64CD0DCB2516233C00363F75 /* Resources */,
			);
			buildRules = (
			);
			dependencies = (
				64CD0DCF2516233C00363F75 /* PBXTargetDependency */,
			);
			name = ABitUITests;
			productName = ABitUITests;
			productReference = 64CD0DCD2516233C00363F75 /* ABitUITests.xctest */;
			productType = "com.apple.product-type.bundle.ui-testing";
		};
/* End PBXNativeTarget section */

/* Begin PBXProject section */
		64CD0DA92516233A00363F75 /* Project object */ = {
			isa = PBXProject;
			attributes = {
				LastSwiftUpdateCheck = 1200;
				LastUpgradeCheck = 1200;
				TargetAttributes = {
					64CD0DB02516233A00363F75 = {
						CreatedOnToolsVersion = 12.0;
					};
					64CD0DC12516233C00363F75 = {
						CreatedOnToolsVersion = 12.0;
						TestTargetID = 64CD0DB02516233A00363F75;
					};
					64CD0DCC2516233C00363F75 = {
						CreatedOnToolsVersion = 12.0;
						TestTargetID = 64CD0DB02516233A00363F75;
					};
				};
			};
			buildConfigurationList = 64CD0DAC2516233A00363F75 /* Build configuration list for PBXProject "ABit" */;
			compatibilityVersion = "Xcode 9.3";
			developmentRegion = en;
			hasScannedForEncodings = 0;
			knownRegions = (
				en,
				Base,
			);
			mainGroup = 64CD0DA82516233A00363F75;
			packageReferences = (
				640AD42C2516278400415B7E /* XCRemoteSwiftPackageReference "AudioKit" */,
			);
			productRefGroup = 64CD0DB22516233A00363F75 /* Products */;
			projectDirPath = "";
			projectRoot = "";
			targets = (
				64CD0DB02516233A00363F75 /* ABit */,
				64CD0DC12516233C00363F75 /* ABitTests */,
				64CD0DCC2516233C00363F75 /* ABitUITests */,
			);
		};
/* End PBXProject section */

/* Begin PBXResourcesBuildPhase section */
		64CD0DAF2516233A00363F75 /* Resources */ = {
			isa = PBXResourcesBuildPhase;
			buildActionMask = 2147483647;
			files = (
				64CD0DBC2516233C00363F75 /* Preview Assets.xcassets in Resources */,
				64CD0DB92516233C00363F75 /* Assets.xcassets in Resources */,
			);
			runOnlyForDeploymentPostprocessing = 0;
		};
		64CD0DC02516233C00363F75 /* Resources */ = {
			isa = PBXResourcesBuildPhase;
			buildActionMask = 2147483647;
			files = (
			);
			runOnlyForDeploymentPostprocessing = 0;
		};
		64CD0DCB2516233C00363F75 /* Resources */ = {
			isa = PBXResourcesBuildPhase;
			buildActionMask = 2147483647;
			files = (
			);
			runOnlyForDeploymentPostprocessing = 0;
		};
/* End PBXResourcesBuildPhase section */

/* Begin PBXSourcesBuildPhase section */
		64CD0DAD2516233A00363F75 /* Sources */ = {
			isa = PBXSourcesBuildPhase;
			buildActionMask = 2147483647;
			files = (
				64D8DF9B25166F60000D0653 /* AudioPlayerView.swift in Sources */,
				64D8DF9925166AE8000D0653 /* AudioManager.swift in Sources */,
				64CD0DB72516233A00363F75 /* ContentView.swift in Sources */,
				64CD0DB52516233A00363F75 /* ABitApp.swift in Sources */,
				640AD4302516289C00415B7E /* AudioFilePlayer.swift in Sources */,
				640AD4322516295100415B7E /* AudioDocumentPicker.swift in Sources */,
			);
			runOnlyForDeploymentPostprocessing = 0;
		};
		64CD0DBE2516233C00363F75 /* Sources */ = {
			isa = PBXSourcesBuildPhase;
			buildActionMask = 2147483647;
			files = (
				64CD0DC72516233C00363F75 /* ABitTests.swift in Sources */,
			);
			runOnlyForDeploymentPostprocessing = 0;
		};
		64CD0DC92516233C00363F75 /* Sources */ = {
			isa = PBXSourcesBuildPhase;
			buildActionMask = 2147483647;
			files = (
				64CD0DD22516233C00363F75 /* ABitUITests.swift in Sources */,
			);
			runOnlyForDeploymentPostprocessing = 0;
		};
/* End PBXSourcesBuildPhase section */

/* Begin PBXTargetDependency section */
		64CD0DC42516233C00363F75 /* PBXTargetDependency */ = {
			isa = PBXTargetDependency;
			target = 64CD0DB02516233A00363F75 /* ABit */;
			targetProxy = 64CD0DC32516233C00363F75 /* PBXContainerItemProxy */;
		};
		64CD0DCF2516233C00363F75 /* PBXTargetDependency */ = {
			isa = PBXTargetDependency;
			target = 64CD0DB02516233A00363F75 /* ABit */;
			targetProxy = 64CD0DCE2516233C00363F75 /* PBXContainerItemProxy */;
		};
/* End PBXTargetDependency section */

/* Begin XCBuildConfiguration section */
		64CD0DD42516233C00363F75 /* Debug */ = {
			isa = XCBuildConfiguration;
			buildSettings = {
				ALWAYS_SEARCH_USER_PATHS = NO;
				CLANG_ANALYZER_NONNULL = YES;
				CLANG_ANALYZER_NUMBER_OBJECT_CONVERSION = YES_AGGRESSIVE;
				CLANG_CXX_LANGUAGE_STANDARD = "gnu++14";
				CLANG_CXX_LIBRARY = "libc++";
				CLANG_ENABLE_MODULES = YES;
				CLANG_ENABLE_OBJC_ARC = YES;
				CLANG_ENABLE_OBJC_WEAK = YES;
				CLANG_WARN_BLOCK_CAPTURE_AUTORELEASING = YES;
				CLANG_WARN_BOOL_CONVERSION = YES;
				CLANG_WARN_COMMA = YES;
				CLANG_WARN_CONSTANT_CONVERSION = YES;
				CLANG_WARN_DEPRECATED_OBJC_IMPLEMENTATIONS = YES;
				CLANG_WARN_DIRECT_OBJC_ISA_USAGE = YES_ERROR;
				CLANG_WARN_DOCUMENTATION_COMMENTS = YES;
				CLANG_WARN_EMPTY_BODY = YES;
				CLANG_WARN_ENUM_CONVERSION = YES;
				CLANG_WARN_INFINITE_RECURSION = YES;
				CLANG_WARN_INT_CONVERSION = YES;
				CLANG_WARN_NON_LITERAL_NULL_CONVERSION = YES;
				CLANG_WARN_OBJC_IMPLICIT_RETAIN_SELF = YES;
				CLANG_WARN_OBJC_LITERAL_CONVERSION = YES;
				CLANG_WARN_OBJC_ROOT_CLASS = YES_ERROR;
				CLANG_WARN_QUOTED_INCLUDE_IN_FRAMEWORK_HEADER = YES;
				CLANG_WARN_RANGE_LOOP_ANALYSIS = YES;
				CLANG_WARN_STRICT_PROTOTYPES = YES;
				CLANG_WARN_SUSPICIOUS_MOVE = YES;
				CLANG_WARN_UNGUARDED_AVAILABILITY = YES_AGGRESSIVE;
				CLANG_WARN_UNREACHABLE_CODE = YES;
				CLANG_WARN__DUPLICATE_METHOD_MATCH = YES;
				COPY_PHASE_STRIP = NO;
				DEBUG_INFORMATION_FORMAT = dwarf;
				ENABLE_STRICT_OBJC_MSGSEND = YES;
				ENABLE_TESTABILITY = YES;
				GCC_C_LANGUAGE_STANDARD = gnu11;
				GCC_DYNAMIC_NO_PIC = NO;
				GCC_NO_COMMON_BLOCKS = YES;
				GCC_OPTIMIZATION_LEVEL = 0;
				GCC_PREPROCESSOR_DEFINITIONS = (
					"DEBUG=1",
					"$(inherited)",
				);
				GCC_WARN_64_TO_32_BIT_CONVERSION = YES;
				GCC_WARN_ABOUT_RETURN_TYPE = YES_ERROR;
				GCC_WARN_UNDECLARED_SELECTOR = YES;
				GCC_WARN_UNINITIALIZED_AUTOS = YES_AGGRESSIVE;
				GCC_WARN_UNUSED_FUNCTION = YES;
				GCC_WARN_UNUSED_VARIABLE = YES;
				IPHONEOS_DEPLOYMENT_TARGET = 14.0;
				MTL_ENABLE_DEBUG_INFO = INCLUDE_SOURCE;
				MTL_FAST_MATH = YES;
				ONLY_ACTIVE_ARCH = YES;
				SDKROOT = iphoneos;
				SWIFT_ACTIVE_COMPILATION_CONDITIONS = DEBUG;
				SWIFT_OPTIMIZATION_LEVEL = "-Onone";
			};
			name = Debug;
		};
		64CD0DD52516233C00363F75 /* Release */ = {
			isa = XCBuildConfiguration;
			buildSettings = {
				ALWAYS_SEARCH_USER_PATHS = NO;
				CLANG_ANALYZER_NONNULL = YES;
				CLANG_ANALYZER_NUMBER_OBJECT_CONVERSION = YES_AGGRESSIVE;
				CLANG_CXX_LANGUAGE_STANDARD = "gnu++14";
				CLANG_CXX_LIBRARY = "libc++";
				CLANG_ENABLE_MODULES = YES;
				CLANG_ENABLE_OBJC_ARC = YES;
				CLANG_ENABLE_OBJC_WEAK = YES;
				CLANG_WARN_BLOCK_CAPTURE_AUTORELEASING = YES;
				CLANG_WARN_BOOL_CONVERSION = YES;
				CLANG_WARN_COMMA = YES;
				CLANG_WARN_CONSTANT_CONVERSION = YES;
				CLANG_WARN_DEPRECATED_OBJC_IMPLEMENTATIONS = YES;
				CLANG_WARN_DIRECT_OBJC_ISA_USAGE = YES_ERROR;
				CLANG_WARN_DOCUMENTATION_COMMENTS = YES;
				CLANG_WARN_EMPTY_BODY = YES;
				CLANG_WARN_ENUM_CONVERSION = YES;
				CLANG_WARN_INFINITE_RECURSION = YES;
				CLANG_WARN_INT_CONVERSION = YES;
				CLANG_WARN_NON_LITERAL_NULL_CONVERSION = YES;
				CLANG_WARN_OBJC_IMPLICIT_RETAIN_SELF = YES;
				CLANG_WARN_OBJC_LITERAL_CONVERSION = YES;
				CLANG_WARN_OBJC_ROOT_CLASS = YES_ERROR;
				CLANG_WARN_QUOTED_INCLUDE_IN_FRAMEWORK_HEADER = YES;
				CLANG_WARN_RANGE_LOOP_ANALYSIS = YES;
				CLANG_WARN_STRICT_PROTOTYPES = YES;
				CLANG_WARN_SUSPICIOUS_MOVE = YES;
				CLANG_WARN_UNGUARDED_AVAILABILITY = YES_AGGRESSIVE;
				CLANG_WARN_UNREACHABLE_CODE = YES;
				CLANG_WARN__DUPLICATE_METHOD_MATCH = YES;
				COPY_PHASE_STRIP = NO;
				DEBUG_INFORMATION_FORMAT = "dwarf-with-dsym";
				ENABLE_NS_ASSERTIONS = NO;
				ENABLE_STRICT_OBJC_MSGSEND = YES;
				GCC_C_LANGUAGE_STANDARD = gnu11;
				GCC_NO_COMMON_BLOCKS = YES;
				GCC_WARN_64_TO_32_BIT_CONVERSION = YES;
				GCC_WARN_ABOUT_RETURN_TYPE = YES_ERROR;
				GCC_WARN_UNDECLARED_SELECTOR = YES;
				GCC_WARN_UNINITIALIZED_AUTOS = YES_AGGRESSIVE;
				GCC_WARN_UNUSED_FUNCTION = YES;
				GCC_WARN_UNUSED_VARIABLE = YES;
				IPHONEOS_DEPLOYMENT_TARGET = 14.0;
				MTL_ENABLE_DEBUG_INFO = NO;
				MTL_FAST_MATH = YES;
				SDKROOT = iphoneos;
				SWIFT_COMPILATION_MODE = wholemodule;
				SWIFT_OPTIMIZATION_LEVEL = "-O";
				VALIDATE_PRODUCT = YES;
			};
			name = Release;
		};
		64CD0DD72516233C00363F75 /* Debug */ = {
			isa = XCBuildConfiguration;
			buildSettings = {
				ASSETCATALOG_COMPILER_APPICON_NAME = AppIcon;
				ASSETCATALOG_COMPILER_GLOBAL_ACCENT_COLOR_NAME = AccentColor;
				CODE_SIGN_STYLE = Automatic;
				DEVELOPMENT_ASSET_PATHS = "\"ABit/Preview Content\"";
				DEVELOPMENT_TEAM = X8G7MMTMU8;
				ENABLE_PREVIEWS = YES;
				INFOPLIST_FILE = ABit/Info.plist;
				IPHONEOS_DEPLOYMENT_TARGET = 14.0;
				LD_RUNPATH_SEARCH_PATHS = (
					"$(inherited)",
					"@executable_path/Frameworks",
				);
				PRODUCT_BUNDLE_IDENTIFIER = com.RutterStudios.ABit;
				PRODUCT_NAME = "$(TARGET_NAME)";
				SWIFT_VERSION = 5.0;
				TARGETED_DEVICE_FAMILY = "1,2";
			};
			name = Debug;
		};
		64CD0DD82516233C00363F75 /* Release */ = {
			isa = XCBuildConfiguration;
			buildSettings = {
				ASSETCATALOG_COMPILER_APPICON_NAME = AppIcon;
				ASSETCATALOG_COMPILER_GLOBAL_ACCENT_COLOR_NAME = AccentColor;
				CODE_SIGN_STYLE = Automatic;
				DEVELOPMENT_ASSET_PATHS = "\"ABit/Preview Content\"";
				DEVELOPMENT_TEAM = X8G7MMTMU8;
				ENABLE_PREVIEWS = YES;
				INFOPLIST_FILE = ABit/Info.plist;
				IPHONEOS_DEPLOYMENT_TARGET = 14.0;
				LD_RUNPATH_SEARCH_PATHS = (
					"$(inherited)",
					"@executable_path/Frameworks",
				);
				PRODUCT_BUNDLE_IDENTIFIER = com.RutterStudios.ABit;
				PRODUCT_NAME = "$(TARGET_NAME)";
				SWIFT_VERSION = 5.0;
				TARGETED_DEVICE_FAMILY = "1,2";
			};
			name = Release;
		};
		64CD0DDA2516233C00363F75 /* Debug */ = {
			isa = XCBuildConfiguration;
			buildSettings = {
				ALWAYS_EMBED_SWIFT_STANDARD_LIBRARIES = YES;
				BUNDLE_LOADER = "$(TEST_HOST)";
				CODE_SIGN_STYLE = Automatic;
				DEVELOPMENT_TEAM = X8G7MMTMU8;
				INFOPLIST_FILE = ABitTests/Info.plist;
				IPHONEOS_DEPLOYMENT_TARGET = 14.0;
				LD_RUNPATH_SEARCH_PATHS = (
					"$(inherited)",
					"@executable_path/Frameworks",
					"@loader_path/Frameworks",
				);
				PRODUCT_BUNDLE_IDENTIFIER = com.RutterStudios.ABitTests;
				PRODUCT_NAME = "$(TARGET_NAME)";
				SWIFT_VERSION = 5.0;
				TARGETED_DEVICE_FAMILY = "1,2";
				TEST_HOST = "$(BUILT_PRODUCTS_DIR)/ABit.app/ABit";
			};
			name = Debug;
		};
		64CD0DDB2516233C00363F75 /* Release */ = {
			isa = XCBuildConfiguration;
			buildSettings = {
				ALWAYS_EMBED_SWIFT_STANDARD_LIBRARIES = YES;
				BUNDLE_LOADER = "$(TEST_HOST)";
				CODE_SIGN_STYLE = Automatic;
				DEVELOPMENT_TEAM = X8G7MMTMU8;
				INFOPLIST_FILE = ABitTests/Info.plist;
				IPHONEOS_DEPLOYMENT_TARGET = 14.0;
				LD_RUNPATH_SEARCH_PATHS = (
					"$(inherited)",
					"@executable_path/Frameworks",
					"@loader_path/Frameworks",
				);
				PRODUCT_BUNDLE_IDENTIFIER = com.RutterStudios.ABitTests;
				PRODUCT_NAME = "$(TARGET_NAME)";
				SWIFT_VERSION = 5.0;
				TARGETED_DEVICE_FAMILY = "1,2";
				TEST_HOST = "$(BUILT_PRODUCTS_DIR)/ABit.app/ABit";
			};
			name = Release;
		};
		64CD0DDD2516233C00363F75 /* Debug */ = {
			isa = XCBuildConfiguration;
			buildSettings = {
				ALWAYS_EMBED_SWIFT_STANDARD_LIBRARIES = YES;
				CODE_SIGN_STYLE = Automatic;
				DEVELOPMENT_TEAM = X8G7MMTMU8;
				INFOPLIST_FILE = ABitUITests/Info.plist;
				LD_RUNPATH_SEARCH_PATHS = (
					"$(inherited)",
					"@executable_path/Frameworks",
					"@loader_path/Frameworks",
				);
				PRODUCT_BUNDLE_IDENTIFIER = com.RutterStudios.ABitUITests;
				PRODUCT_NAME = "$(TARGET_NAME)";
				SWIFT_VERSION = 5.0;
				TARGETED_DEVICE_FAMILY = "1,2";
				TEST_TARGET_NAME = ABit;
			};
			name = Debug;
		};
		64CD0DDE2516233C00363F75 /* Release */ = {
			isa = XCBuildConfiguration;
			buildSettings = {
				ALWAYS_EMBED_SWIFT_STANDARD_LIBRARIES = YES;
				CODE_SIGN_STYLE = Automatic;
				DEVELOPMENT_TEAM = X8G7MMTMU8;
				INFOPLIST_FILE = ABitUITests/Info.plist;
				LD_RUNPATH_SEARCH_PATHS = (
					"$(inherited)",
					"@executable_path/Frameworks",
					"@loader_path/Frameworks",
				);
				PRODUCT_BUNDLE_IDENTIFIER = com.RutterStudios.ABitUITests;
				PRODUCT_NAME = "$(TARGET_NAME)";
				SWIFT_VERSION = 5.0;
				TARGETED_DEVICE_FAMILY = "1,2";
				TEST_TARGET_NAME = ABit;
			};
			name = Release;
		};
/* End XCBuildConfiguration section */

/* Begin XCConfigurationList section */
		64CD0DAC2516233A00363F75 /* Build configuration list for PBXProject "ABit" */ = {
			isa = XCConfigurationList;
			buildConfigurations = (
				64CD0DD42516233C00363F75 /* Debug */,
				64CD0DD52516233C00363F75 /* Release */,
			);
			defaultConfigurationIsVisible = 0;
			defaultConfigurationName = Release;
		};
		64CD0DD62516233C00363F75 /* Build configuration list for PBXNativeTarget "ABit" */ = {
			isa = XCConfigurationList;
			buildConfigurations = (
				64CD0DD72516233C00363F75 /* Debug */,
				64CD0DD82516233C00363F75 /* Release */,
			);
			defaultConfigurationIsVisible = 0;
			defaultConfigurationName = Release;
		};
		64CD0DD92516233C00363F75 /* Build configuration list for PBXNativeTarget "ABitTests" */ = {
			isa = XCConfigurationList;
			buildConfigurations = (
				64CD0DDA2516233C00363F75 /* Debug */,
				64CD0DDB2516233C00363F75 /* Release */,
			);
			defaultConfigurationIsVisible = 0;
			defaultConfigurationName = Release;
		};
		64CD0DDC2516233C00363F75 /* Build configuration list for PBXNativeTarget "ABitUITests" */ = {
			isa = XCConfigurationList;
			buildConfigurations = (
				64CD0DDD2516233C00363F75 /* Debug */,
				64CD0DDE2516233C00363F75 /* Release */,
			);
			defaultConfigurationIsVisible = 0;
			defaultConfigurationName = Release;
		};
/* End XCConfigurationList section */

/* Begin XCRemoteSwiftPackageReference section */
		640AD42C2516278400415B7E /* XCRemoteSwiftPackageReference "AudioKit" */ = {
			isa = XCRemoteSwiftPackageReference;
			repositoryURL = "https://github.com/AudioKit/AudioKit";
			requirement = {
				branch = "v5-develop";
				kind = branch;
			};
		};
/* End XCRemoteSwiftPackageReference section */

/* Begin XCSwiftPackageProductDependency section */
		640AD42D2516278400415B7E /* AudioKit */ = {
			isa = XCSwiftPackageProductDependency;
			package = 640AD42C2516278400415B7E /* XCRemoteSwiftPackageReference "AudioKit" */;
			productName = AudioKit;
		};
/* End XCSwiftPackageProductDependency section */
	};
	rootObject = 64CD0DA92516233A00363F75 /* Project object */;
}
